
Microsoft Visual Studio Solution File, Format Version 12.00
# Visual Studio 15
VisualStudioVersion = 15.0.27703.2026
MinimumVisualStudioVersion = 10.0.40219.1
Project("{888888A0-9F3D-457C-B088-3A5042F75D52}") = "блок 6_2", "блок 6_2\блок 6_2.pyproj", "{5FA423B2-0AE0-418F-80CE-BA28BB892C38}"
EndProject
Global
	GlobalSection(SolutionConfigurationPlatforms) = preSolution
		Debug|Any CPU = Debug|Any CPU
		Release|Any CPU = Release|Any CPU
	EndGlobalSection
	GlobalSection(ProjectConfigurationPlatforms) = postSolution
		{5FA423B2-0AE0-418F-80CE-BA28BB892C38}.Debug|Any CPU.ActiveCfg = Debug|Any CPU
		{5FA423B2-0AE0-418F-80CE-BA28BB892C38}.Release|Any CPU.ActiveCfg = Release|Any CPU
	EndGlobalSection
	GlobalSection(SolutionProperties) = preSolution
		HideSolutionNode = FALSE
	EndGlobalSection
	GlobalSection(ExtensibilityGlobals) = postSolution
		SolutionGuid = {096396FB-78FF-4712-BB38-52F1F7B973F8}
	EndGlobalSection
EndGlobal
