
Microsoft Visual Studio Solution File, Format Version 12.00
# Visual Studio 15
VisualStudioVersion = 15.0.27703.2026
MinimumVisualStudioVersion = 10.0.40219.1
Project("{888888A0-9F3D-457C-B088-3A5042F75D52}") = "блок 3_1", "блок 3_1\блок 3_1.pyproj", "{4640DEDB-FCF5-444F-9BA4-D7F4F8F24509}"
EndProject
Global
	GlobalSection(SolutionConfigurationPlatforms) = preSolution
		Debug|Any CPU = Debug|Any CPU
		Release|Any CPU = Release|Any CPU
	EndGlobalSection
	GlobalSection(ProjectConfigurationPlatforms) = postSolution
		{4640DEDB-FCF5-444F-9BA4-D7F4F8F24509}.Debug|Any CPU.ActiveCfg = Debug|Any CPU
		{4640DEDB-FCF5-444F-9BA4-D7F4F8F24509}.Release|Any CPU.ActiveCfg = Release|Any CPU
	EndGlobalSection
	GlobalSection(SolutionProperties) = preSolution
		HideSolutionNode = FALSE
	EndGlobalSection
	GlobalSection(ExtensibilityGlobals) = postSolution
		SolutionGuid = {22EF9C2E-785E-4F29-83C5-1D9C1504CC74}
	EndGlobalSection
EndGlobal
