
Microsoft Visual Studio Solution File, Format Version 12.00
# Visual Studio 15
VisualStudioVersion = 15.0.27703.2026
MinimumVisualStudioVersion = 10.0.40219.1
Project("{888888A0-9F3D-457C-B088-3A5042F75D52}") = "блок 4_2", "блок 4_2\блок 4_2.pyproj", "{E62DA92B-0A71-4959-95DB-04CF4944D8BA}"
EndProject
Global
	GlobalSection(SolutionConfigurationPlatforms) = preSolution
		Debug|Any CPU = Debug|Any CPU
		Release|Any CPU = Release|Any CPU
	EndGlobalSection
	GlobalSection(ProjectConfigurationPlatforms) = postSolution
		{E62DA92B-0A71-4959-95DB-04CF4944D8BA}.Debug|Any CPU.ActiveCfg = Debug|Any CPU
		{E62DA92B-0A71-4959-95DB-04CF4944D8BA}.Release|Any CPU.ActiveCfg = Release|Any CPU
	EndGlobalSection
	GlobalSection(SolutionProperties) = preSolution
		HideSolutionNode = FALSE
	EndGlobalSection
	GlobalSection(ExtensibilityGlobals) = postSolution
		SolutionGuid = {57981042-5BD5-4FFE-8B0F-A123A47CF9B6}
	EndGlobalSection
EndGlobal
