
Microsoft Visual Studio Solution File, Format Version 12.00
# Visual Studio 15
VisualStudioVersion = 15.0.27703.2026
MinimumVisualStudioVersion = 10.0.40219.1
Project("{888888A0-9F3D-457C-B088-3A5042F75D52}") = "блок 2_1", "блок 2_1\блок 2_1.pyproj", "{FCE1BFEF-D1AF-4B4B-A303-EC7F8720C521}"
EndProject
Global
	GlobalSection(SolutionConfigurationPlatforms) = preSolution
		Debug|Any CPU = Debug|Any CPU
		Release|Any CPU = Release|Any CPU
	EndGlobalSection
	GlobalSection(ProjectConfigurationPlatforms) = postSolution
		{FCE1BFEF-D1AF-4B4B-A303-EC7F8720C521}.Debug|Any CPU.ActiveCfg = Debug|Any CPU
		{FCE1BFEF-D1AF-4B4B-A303-EC7F8720C521}.Release|Any CPU.ActiveCfg = Release|Any CPU
	EndGlobalSection
	GlobalSection(SolutionProperties) = preSolution
		HideSolutionNode = FALSE
	EndGlobalSection
	GlobalSection(ExtensibilityGlobals) = postSolution
		SolutionGuid = {4989ADCB-77DB-457C-92EB-00FA23D280B6}
	EndGlobalSection
EndGlobal
