
Microsoft Visual Studio Solution File, Format Version 12.00
# Visual Studio 15
VisualStudioVersion = 15.0.27703.2026
MinimumVisualStudioVersion = 10.0.40219.1
Project("{888888A0-9F3D-457C-B088-3A5042F75D52}") = "блок 5_1", "блок 5_1\блок 5_1.pyproj", "{0300B67A-113A-46EF-A575-0EBE7FE2653C}"
EndProject
Global
	GlobalSection(SolutionConfigurationPlatforms) = preSolution
		Debug|Any CPU = Debug|Any CPU
		Release|Any CPU = Release|Any CPU
	EndGlobalSection
	GlobalSection(ProjectConfigurationPlatforms) = postSolution
		{0300B67A-113A-46EF-A575-0EBE7FE2653C}.Debug|Any CPU.ActiveCfg = Debug|Any CPU
		{0300B67A-113A-46EF-A575-0EBE7FE2653C}.Release|Any CPU.ActiveCfg = Release|Any CPU
	EndGlobalSection
	GlobalSection(SolutionProperties) = preSolution
		HideSolutionNode = FALSE
	EndGlobalSection
	GlobalSection(ExtensibilityGlobals) = postSolution
		SolutionGuid = {5EE7108C-6CB0-494E-91D2-227F4AA77203}
	EndGlobalSection
EndGlobal
