
Microsoft Visual Studio Solution File, Format Version 12.00
# Visual Studio 15
VisualStudioVersion = 15.0.27703.2026
MinimumVisualStudioVersion = 10.0.40219.1
Project("{888888A0-9F3D-457C-B088-3A5042F75D52}") = "блок 5_2", "блок 5_2\блок 5_2.pyproj", "{2DAC9B1B-D755-47D5-ADA4-039C20141463}"
EndProject
Global
	GlobalSection(SolutionConfigurationPlatforms) = preSolution
		Debug|Any CPU = Debug|Any CPU
		Release|Any CPU = Release|Any CPU
	EndGlobalSection
	GlobalSection(ProjectConfigurationPlatforms) = postSolution
		{2DAC9B1B-D755-47D5-ADA4-039C20141463}.Debug|Any CPU.ActiveCfg = Debug|Any CPU
		{2DAC9B1B-D755-47D5-ADA4-039C20141463}.Release|Any CPU.ActiveCfg = Release|Any CPU
	EndGlobalSection
	GlobalSection(SolutionProperties) = preSolution
		HideSolutionNode = FALSE
	EndGlobalSection
	GlobalSection(ExtensibilityGlobals) = postSolution
		SolutionGuid = {324C11E0-89BA-4449-96C7-D35559F6026E}
	EndGlobalSection
EndGlobal
